
Microsoft Visual Studio Solution File, Format Version 12.00
# Visual Studio 15
VisualStudioVersion = 15.0.28307.168
MinimumVisualStudioVersion = 10.0.40219.1
Project("{9A19103F-16F7-4668-BE54-9A1E7A4F7556}") = "Udemy.API", "Udemy.API\Udemy.API.csproj", "{4ED2EEE5-653D-4111-9184-36621E7B1C61}"
EndProject
Project("{FAE04EC0-301F-11D3-BF4B-00C04F79EFBC}") = "UdemyApp.SPA", "UdemyApp.SPA\UdemyApp.SPA.csproj", "{59106F65-3DF4-44DA-8FAC-F329D12982B1}"
EndProject
Global
	GlobalSection(SolutionConfigurationPlatforms) = preSolution
		Debug|Any CPU = Debug|Any CPU
		Release|Any CPU = Release|Any CPU
	EndGlobalSection
	GlobalSection(ProjectConfigurationPlatforms) = postSolution
		{4ED2EEE5-653D-4111-9184-36621E7B1C61}.Debug|Any CPU.ActiveCfg = Debug|Any CPU
		{4ED2EEE5-653D-4111-9184-36621E7B1C61}.Debug|Any CPU.Build.0 = Debug|Any CPU
		{4ED2EEE5-653D-4111-9184-36621E7B1C61}.Release|Any CPU.ActiveCfg = Release|Any CPU
		{4ED2EEE5-653D-4111-9184-36621E7B1C61}.Release|Any CPU.Build.0 = Release|Any CPU
		{59106F65-3DF4-44DA-8FAC-F329D12982B1}.Debug|Any CPU.ActiveCfg = Debug|Any CPU
		{59106F65-3DF4-44DA-8FAC-F329D12982B1}.Debug|Any CPU.Build.0 = Debug|Any CPU
		{59106F65-3DF4-44DA-8FAC-F329D12982B1}.Release|Any CPU.ActiveCfg = Release|Any CPU
		{59106F65-3DF4-44DA-8FAC-F329D12982B1}.Release|Any CPU.Build.0 = Release|Any CPU
	EndGlobalSection
	GlobalSection(SolutionProperties) = preSolution
		HideSolutionNode = FALSE
	EndGlobalSection
	GlobalSection(ExtensibilityGlobals) = postSolution
		SolutionGuid = {0CD4CB1F-1048-46A7-A63B-9BF720A461F3}
	EndGlobalSection
EndGlobal
